
Microsoft Visual Studio Solution File, Format Version 12.00
# Visual Studio 2012
Project("{FAE04EC0-301F-11D3-BF4B-00C04F79EFBC}") = "OCTDeploy", "OCTDeploy\OCTDeploy.csproj", "{CDCC05DC-52B8-4901-AA6C-853BD2DA73F9}"
EndProject
Global
	GlobalSection(SolutionConfigurationPlatforms) = preSolution
		Debug|Any CPU = Debug|Any CPU
		Release|Any CPU = Release|Any CPU
	EndGlobalSection
	GlobalSection(ProjectConfigurationPlatforms) = postSolution
		{CDCC05DC-52B8-4901-AA6C-853BD2DA73F9}.Debug|Any CPU.ActiveCfg = Debug|Any CPU
		{CDCC05DC-52B8-4901-AA6C-853BD2DA73F9}.Debug|Any CPU.Build.0 = Debug|Any CPU
		{CDCC05DC-52B8-4901-AA6C-853BD2DA73F9}.Release|Any CPU.ActiveCfg = Release|Any CPU
		{CDCC05DC-52B8-4901-AA6C-853BD2DA73F9}.Release|Any CPU.Build.0 = Release|Any CPU
	EndGlobalSection
EndGlobal
